// !$*UTF8*$!
{
	archiveVersion = 1;
	classes = {
	};
	objectVersion = 46;
	objects = {

/* Begin PBXBuildFile section */
		59DD823219BE9D5300BDD0CD /* Foundation.framework in Frameworks */ = {isa = PBXBuildFile; fileRef = 59DD823119BE9D5300BDD0CD /* Foundation.framework */; };
		59DD823419BE9D5300BDD0CD /* CoreGraphics.framework in Frameworks */ = {isa = PBXBuildFile; fileRef = 59DD823319BE9D5300BDD0CD /* CoreGraphics.framework */; };
		59DD823619BE9D5300BDD0CD /* UIKit.framework in Frameworks */ = {isa = PBXBuildFile; fileRef = 59DD823519BE9D5300BDD0CD /* UIKit.framework */; };
		59DD823C19BE9D5300BDD0CD /* InfoPlist.strings in Resources */ = {isa = PBXBuildFile; fileRef = 59DD823A19BE9D5300BDD0CD /* InfoPlist.strings */; };
		59DD823E19BE9D5300BDD0CD /* main.m in Sources */ = {isa = PBXBuildFile; fileRef = 59DD823D19BE9D5300BDD0CD /* main.m */; };
		59DD824219BE9D5400BDD0CD /* JNAAppDelegate.m in Sources */ = {isa = PBXBuildFile; fileRef = 59DD824119BE9D5400BDD0CD /* JNAAppDelegate.m */; };
		59DD824519BE9D5400BDD0CD /* Main.storyboard in Resources */ = {isa = PBXBuildFile; fileRef = 59DD824319BE9D5400BDD0CD /* Main.storyboard */; };
		59DD824D19BE9D5400BDD0CD /* Images.xcassets in Resources */ = {isa = PBXBuildFile; fileRef = 59DD824C19BE9D5400BDD0CD /* Images.xcassets */; };
		59DD825419BE9D5500BDD0CD /* XCTest.framework in Frameworks */ = {isa = PBXBuildFile; fileRef = 59DD825319BE9D5500BDD0CD /* XCTest.framework */; };
		59DD825519BE9D5500BDD0CD /* Foundation.framework in Frameworks */ = {isa = PBXBuildFile; fileRef = 59DD823119BE9D5300BDD0CD /* Foundation.framework */; };
		59DD825619BE9D5500BDD0CD /* UIKit.framework in Frameworks */ = {isa = PBXBuildFile; fileRef = 59DD823519BE9D5300BDD0CD /* UIKit.framework */; };
		59DD825E19BE9D5500BDD0CD /* InfoPlist.strings in Resources */ = {isa = PBXBuildFile; fileRef = 59DD825C19BE9D5500BDD0CD /* InfoPlist.strings */; };
		59DD826019BE9D5500BDD0CD /* CH7_Assignment1Tests.m in Sources */ = {isa = PBXBuildFile; fileRef = 59DD825F19BE9D5500BDD0CD /* CH7_Assignment1Tests.m */; };
		59DD826B19BE9DE900BDD0CD /* JNAProfilesTableViewController.m in Sources */ = {isa = PBXBuildFile; fileRef = 59DD826A19BE9DE900BDD0CD /* JNAProfilesTableViewController.m */; };
		59DD826E19BE9E8500BDD0CD /* JNABookmarksTableViewController.m in Sources */ = {isa = PBXBuildFile; fileRef = 59DD826D19BE9E8500BDD0CD /* JNABookmarksTableViewController.m */; };
		59DD827119BE9F7000BDD0CD /* JNAProfileViewController.m in Sources */ = {isa = PBXBuildFile; fileRef = 59DD827019BE9F7000BDD0CD /* JNAProfileViewController.m */; };
		59DD827419BE9FC800BDD0CD /* JNABookmarkViewController.m in Sources */ = {isa = PBXBuildFile; fileRef = 59DD827319BE9FC800BDD0CD /* JNABookmarkViewController.m */; };
		59DD827719BEA27000BDD0CD /* JNAPerson.m in Sources */ = {isa = PBXBuildFile; fileRef = 59DD827619BEA27000BDD0CD /* JNAPerson.m */; };
		59DD827A19BEA2FE00BDD0CD /* JNAProfileTableViewCell.m in Sources */ = {isa = PBXBuildFile; fileRef = 59DD827919BEA2FE00BDD0CD /* JNAProfileTableViewCell.m */; };
		59DD827D19BEB45800BDD0CD /* JNABookmark.m in Sources */ = {isa = PBXBuildFile; fileRef = 59DD827C19BEB45800BDD0CD /* JNABookmark.m */; };
		59DD828319BEBBBA00BDD0CD /* JNABookmarkTableViewCell.m in Sources */ = {isa = PBXBuildFile; fileRef = 59DD828219BEBBBA00BDD0CD /* JNABookmarkTableViewCell.m */; };
		59DD828519BECBFA00BDD0CD /* Nice-seafront.jpg in Resources */ = {isa = PBXBuildFile; fileRef = 59DD828419BECBFA00BDD0CD /* Nice-seafront.jpg */; };
/* End PBXBuildFile section */

/* Begin PBXContainerItemProxy section */
		59DD825719BE9D5500BDD0CD /* PBXContainerItemProxy */ = {
			isa = PBXContainerItemProxy;
			containerPortal = 59DD822619BE9D5300BDD0CD /* Project object */;
			proxyType = 1;
			remoteGlobalIDString = 59DD822D19BE9D5300BDD0CD;
			remoteInfo = CH7_Assignment1;
		};
/* End PBXContainerItemProxy section */

/* Begin PBXFileReference section */
		59DD822E19BE9D5300BDD0CD /* CH7_Assignment1.app */ = {isa = PBXFileReference; explicitFileType = wrapper.application; includeInIndex = 0; path = CH7_Assignment1.app; sourceTree = BUILT_PRODUCTS_DIR; };
		59DD823119BE9D5300BDD0CD /* Foundation.framework */ = {isa = PBXFileReference; lastKnownFileType = wrapper.framework; name = Foundation.framework; path = System/Library/Frameworks/Foundation.framework; sourceTree = SDKROOT; };
		59DD823319BE9D5300BDD0CD /* CoreGraphics.framework */ = {isa = PBXFileReference; lastKnownFileType = wrapper.framework; name = CoreGraphics.framework; path = System/Library/Frameworks/CoreGraphics.framework; sourceTree = SDKROOT; };
		59DD823519BE9D5300BDD0CD /* UIKit.framework */ = {isa = PBXFileReference; lastKnownFileType = wrapper.framework; name = UIKit.framework; path = System/Library/Frameworks/UIKit.framework; sourceTree = SDKROOT; };
		59DD823919BE9D5300BDD0CD /* CH7_Assignment1-Info.plist */ = {isa = PBXFileReference; lastKnownFileType = text.plist.xml; path = "CH7_Assignment1-Info.plist"; sourceTree = "<group>"; };
		59DD823B19BE9D5300BDD0CD /* en */ = {isa = PBXFileReference; lastKnownFileType = text.plist.strings; name = en; path = en.lproj/InfoPlist.strings; sourceTree = "<group>"; };
		59DD823D19BE9D5300BDD0CD /* main.m */ = {isa = PBXFileReference; lastKnownFileType = sourcecode.c.objc; path = main.m; sourceTree = "<group>"; };
		59DD823F19BE9D5300BDD0CD /* CH7_Assignment1-Prefix.pch */ = {isa = PBXFileReference; lastKnownFileType = sourcecode.c.h; path = "CH7_Assignment1-Prefix.pch"; sourceTree = "<group>"; };
		59DD824019BE9D5400BDD0CD /* JNAAppDelegate.h */ = {isa = PBXFileReference; lastKnownFileType = sourcecode.c.h; path = JNAAppDelegate.h; sourceTree = "<group>"; };
		59DD824119BE9D5400BDD0CD /* JNAAppDelegate.m */ = {isa = PBXFileReference; lastKnownFileType = sourcecode.c.objc; path = JNAAppDelegate.m; sourceTree = "<group>"; };
		59DD824419BE9D5400BDD0CD /* Base */ = {isa = PBXFileReference; lastKnownFileType = file.storyboard; name = Base; path = Base.lproj/Main.storyboard; sourceTree = "<group>"; };
		59DD824C19BE9D5400BDD0CD /* Images.xcassets */ = {isa = PBXFileReference; lastKnownFileType = folder.assetcatalog; path = Images.xcassets; sourceTree = "<group>"; };
		59DD825219BE9D5500BDD0CD /* CH7_Assignment1Tests.xctest */ = {isa = PBXFileReference; explicitFileType = wrapper.cfbundle; includeInIndex = 0; path = CH7_Assignment1Tests.xctest; sourceTree = BUILT_PRODUCTS_DIR; };
		59DD825319BE9D5500BDD0CD /* XCTest.framework */ = {isa = PBXFileReference; lastKnownFileType = wrapper.framework; name = XCTest.framework; path = Library/Frameworks/XCTest.framework; sourceTree = DEVELOPER_DIR; };
		59DD825B19BE9D5500BDD0CD /* CH7_Assignment1Tests-Info.plist */ = {isa = PBXFileReference; lastKnownFileType = text.plist.xml; path = "CH7_Assignment1Tests-Info.plist"; sourceTree = "<group>"; };
		59DD825D19BE9D5500BDD0CD /* en */ = {isa = PBXFileReference; lastKnownFileType = text.plist.strings; name = en; path = en.lproj/InfoPlist.strings; sourceTree = "<group>"; };
		59DD825F19BE9D5500BDD0CD /* CH7_Assignment1Tests.m */ = {isa = PBXFileReference; lastKnownFileType = sourcecode.c.objc; path = CH7_Assignment1Tests.m; sourceTree = "<group>"; };
		59DD826919BE9DE900BDD0CD /* JNAProfilesTableViewController.h */ = {isa = PBXFileReference; fileEncoding = 4; lastKnownFileType = sourcecode.c.h; path = JNAProfilesTableViewController.h; sourceTree = "<group>"; };
		59DD826A19BE9DE900BDD0CD /* JNAProfilesTableViewController.m */ = {isa = PBXFileReference; fileEncoding = 4; lastKnownFileType = sourcecode.c.objc; path = JNAProfilesTableViewController.m; sourceTree = "<group>"; };
		59DD826C19BE9E8500BDD0CD /* JNABookmarksTableViewController.h */ = {isa = PBXFileReference; fileEncoding = 4; lastKnownFileType = sourcecode.c.h; path = JNABookmarksTableViewController.h; sourceTree = "<group>"; };
		59DD826D19BE9E8500BDD0CD /* JNABookmarksTableViewController.m */ = {isa = PBXFileReference; fileEncoding = 4; lastKnownFileType = sourcecode.c.objc; path = JNABookmarksTableViewController.m; sourceTree = "<group>"; };
		59DD826F19BE9F7000BDD0CD /* JNAProfileViewController.h */ = {isa = PBXFileReference; fileEncoding = 4; lastKnownFileType = sourcecode.c.h; path = JNAProfileViewController.h; sourceTree = "<group>"; };
		59DD827019BE9F7000BDD0CD /* JNAProfileViewController.m */ = {isa = PBXFileReference; fileEncoding = 4; lastKnownFileType = sourcecode.c.objc; path = JNAProfileViewController.m; sourceTree = "<group>"; };
		59DD827219BE9FC800BDD0CD /* JNABookmarkViewController.h */ = {isa = PBXFileReference; fileEncoding = 4; lastKnownFileType = sourcecode.c.h; path = JNABookmarkViewController.h; sourceTree = "<group>"; };
		59DD827319BE9FC800BDD0CD /* JNABookmarkViewController.m */ = {isa = PBXFileReference; fileEncoding = 4; lastKnownFileType = sourcecode.c.objc; path = JNABookmarkViewController.m; sourceTree = "<group>"; };
		59DD827519BEA27000BDD0CD /* JNAPerson.h */ = {isa = PBXFileReference; fileEncoding = 4; lastKnownFileType = sourcecode.c.h; path = JNAPerson.h; sourceTree = "<group>"; };
		59DD827619BEA27000BDD0CD /* JNAPerson.m */ = {isa = PBXFileReference; fileEncoding = 4; lastKnownFileType = sourcecode.c.objc; path = JNAPerson.m; sourceTree = "<group>"; };
		59DD827819BEA2FE00BDD0CD /* JNAProfileTableViewCell.h */ = {isa = PBXFileReference; fileEncoding = 4; lastKnownFileType = sourcecode.c.h; path = JNAProfileTableViewCell.h; sourceTree = "<group>"; };
		59DD827919BEA2FE00BDD0CD /* JNAProfileTableViewCell.m */ = {isa = PBXFileReference; fileEncoding = 4; lastKnownFileType = sourcecode.c.objc; path = JNAProfileTableViewCell.m; sourceTree = "<group>"; };
		59DD827B19BEB45800BDD0CD /* JNABookmark.h */ = {isa = PBXFileReference; fileEncoding = 4; lastKnownFileType = sourcecode.c.h; path = JNABookmark.h; sourceTree = "<group>"; };
		59DD827C19BEB45800BDD0CD /* JNABookmark.m */ = {isa = PBXFileReference; fileEncoding = 4; lastKnownFileType = sourcecode.c.objc; path = JNABookmark.m; sourceTree = "<group>"; };
		59DD828119BEBBBA00BDD0CD /* JNABookmarkTableViewCell.h */ = {isa = PBXFileReference; fileEncoding = 4; lastKnownFileType = sourcecode.c.h; name = JNABookmarkTableViewCell.h; path = ../JNABookmarkTableViewCell.h; sourceTree = "<group>"; };
		59DD828219BEBBBA00BDD0CD /* JNABookmarkTableViewCell.m */ = {isa = PBXFileReference; fileEncoding = 4; lastKnownFileType = sourcecode.c.objc; name = JNABookmarkTableViewCell.m; path = ../JNABookmarkTableViewCell.m; sourceTree = "<group>"; };
		59DD828419BECBFA00BDD0CD /* Nice-seafront.jpg */ = {isa = PBXFileReference; lastKnownFileType = image.jpeg; name = "Nice-seafront.jpg"; path = "../../../Nice-seafront.jpg"; sourceTree = "<group>"; };
/* End PBXFileReference section */

/* Begin PBXFrameworksBuildPhase section */
		59DD822B19BE9D5300BDD0CD /* Frameworks */ = {
			isa = PBXFrameworksBuildPhase;
			buildActionMask = 2147483647;
			files = (
				59DD823419BE9D5300BDD0CD /* CoreGraphics.framework in Frameworks */,
				59DD823619BE9D5300BDD0CD /* UIKit.framework in Frameworks */,
				59DD823219BE9D5300BDD0CD /* Foundation.framework in Frameworks */,
			);
			runOnlyForDeploymentPostprocessing = 0;
		};
		59DD824F19BE9D5500BDD0CD /* Frameworks */ = {
			isa = PBXFrameworksBuildPhase;
			buildActionMask = 2147483647;
			files = (
				59DD825419BE9D5500BDD0CD /* XCTest.framework in Frameworks */,
				59DD825619BE9D5500BDD0CD /* UIKit.framework in Frameworks */,
				59DD825519BE9D5500BDD0CD /* Foundation.framework in Frameworks */,
			);
			runOnlyForDeploymentPostprocessing = 0;
		};
/* End PBXFrameworksBuildPhase section */

/* Begin PBXGroup section */
		59DD822519BE9D5300BDD0CD = {
			isa = PBXGroup;
			children = (
				59DD823719BE9D5300BDD0CD /* CH7_Assignment1 */,
				59DD825919BE9D5500BDD0CD /* CH7_Assignment1Tests */,
				59DD823019BE9D5300BDD0CD /* Frameworks */,
				59DD822F19BE9D5300BDD0CD /* Products */,
			);
			sourceTree = "<group>";
		};
		59DD822F19BE9D5300BDD0CD /* Products */ = {
			isa = PBXGroup;
			children = (
				59DD822E19BE9D5300BDD0CD /* CH7_Assignment1.app */,
				59DD825219BE9D5500BDD0CD /* CH7_Assignment1Tests.xctest */,
			);
			name = Products;
			sourceTree = "<group>";
		};
		59DD823019BE9D5300BDD0CD /* Frameworks */ = {
			isa = PBXGroup;
			children = (
				59DD823119BE9D5300BDD0CD /* Foundation.framework */,
				59DD823319BE9D5300BDD0CD /* CoreGraphics.framework */,
				59DD823519BE9D5300BDD0CD /* UIKit.framework */,
				59DD825319BE9D5500BDD0CD /* XCTest.framework */,
			);
			name = Frameworks;
			sourceTree = "<group>";
		};
		59DD823719BE9D5300BDD0CD /* CH7_Assignment1 */ = {
			isa = PBXGroup;
			children = (
				59DD824019BE9D5400BDD0CD /* JNAAppDelegate.h */,
				59DD824119BE9D5400BDD0CD /* JNAAppDelegate.m */,
				59DD824319BE9D5400BDD0CD /* Main.storyboard */,
				59DD828419BECBFA00BDD0CD /* Nice-seafront.jpg */,
				59DD827519BEA27000BDD0CD /* JNAPerson.h */,
				59DD827619BEA27000BDD0CD /* JNAPerson.m */,
				59DD827819BEA2FE00BDD0CD /* JNAProfileTableViewCell.h */,
				59DD827919BEA2FE00BDD0CD /* JNAProfileTableViewCell.m */,
				59DD826F19BE9F7000BDD0CD /* JNAProfileViewController.h */,
				59DD827019BE9F7000BDD0CD /* JNAProfileViewController.m */,
				59DD826919BE9DE900BDD0CD /* JNAProfilesTableViewController.h */,
				59DD826A19BE9DE900BDD0CD /* JNAProfilesTableViewController.m */,
				59DD827B19BEB45800BDD0CD /* JNABookmark.h */,
				59DD827C19BEB45800BDD0CD /* JNABookmark.m */,
				59DD828119BEBBBA00BDD0CD /* JNABookmarkTableViewCell.h */,
				59DD828219BEBBBA00BDD0CD /* JNABookmarkTableViewCell.m */,
				59DD827219BE9FC800BDD0CD /* JNABookmarkViewController.h */,
				59DD827319BE9FC800BDD0CD /* JNABookmarkViewController.m */,
				59DD826C19BE9E8500BDD0CD /* JNABookmarksTableViewController.h */,
				59DD826D19BE9E8500BDD0CD /* JNABookmarksTableViewController.m */,
				59DD824C19BE9D5400BDD0CD /* Images.xcassets */,
				59DD823819BE9D5300BDD0CD /* Supporting Files */,
			);
			path = CH7_Assignment1;
			sourceTree = "<group>";
		};
		59DD823819BE9D5300BDD0CD /* Supporting Files */ = {
			isa = PBXGroup;
			children = (
				59DD823919BE9D5300BDD0CD /* CH7_Assignment1-Info.plist */,
				59DD823A19BE9D5300BDD0CD /* InfoPlist.strings */,
				59DD823D19BE9D5300BDD0CD /* main.m */,
				59DD823F19BE9D5300BDD0CD /* CH7_Assignment1-Prefix.pch */,
			);
			name = "Supporting Files";
			sourceTree = "<group>";
		};
		59DD825919BE9D5500BDD0CD /* CH7_Assignment1Tests */ = {
			isa = PBXGroup;
			children = (
				59DD825F19BE9D5500BDD0CD /* CH7_Assignment1Tests.m */,
				59DD825A19BE9D5500BDD0CD /* Supporting Files */,
			);
			path = CH7_Assignment1Tests;
			sourceTree = "<group>";
		};
		59DD825A19BE9D5500BDD0CD /* Supporting Files */ = {
			isa = PBXGroup;
			children = (
				59DD825B19BE9D5500BDD0CD /* CH7_Assignment1Tests-Info.plist */,
				59DD825C19BE9D5500BDD0CD /* InfoPlist.strings */,
			);
			name = "Supporting Files";
			sourceTree = "<group>";
		};
/* End PBXGroup section */

/* Begin PBXNativeTarget section */
		59DD822D19BE9D5300BDD0CD /* CH7_Assignment1 */ = {
			isa = PBXNativeTarget;
			buildConfigurationList = 59DD826319BE9D5500BDD0CD /* Build configuration list for PBXNativeTarget "CH7_Assignment1" */;
			buildPhases = (
				59DD822A19BE9D5300BDD0CD /* Sources */,
				59DD822B19BE9D5300BDD0CD /* Frameworks */,
				59DD822C19BE9D5300BDD0CD /* Resources */,
			);
			buildRules = (
			);
			dependencies = (
			);
			name = CH7_Assignment1;
			productName = CH7_Assignment1;
			productReference = 59DD822E19BE9D5300BDD0CD /* CH7_Assignment1.app */;
			productType = "com.apple.product-type.application";
		};
		59DD825119BE9D5500BDD0CD /* CH7_Assignment1Tests */ = {
			isa = PBXNativeTarget;
			buildConfigurationList = 59DD826619BE9D5500BDD0CD /* Build configuration list for PBXNativeTarget "CH7_Assignment1Tests" */;
			buildPhases = (
				59DD824E19BE9D5500BDD0CD /* Sources */,
				59DD824F19BE9D5500BDD0CD /* Frameworks */,
				59DD825019BE9D5500BDD0CD /* Resources */,
			);
			buildRules = (
			);
			dependencies = (
				59DD825819BE9D5500BDD0CD /* PBXTargetDependency */,
			);
			name = CH7_Assignment1Tests;
			productName = CH7_Assignment1Tests;
			productReference = 59DD825219BE9D5500BDD0CD /* CH7_Assignment1Tests.xctest */;
			productType = "com.apple.product-type.bundle.unit-test";
		};
/* End PBXNativeTarget section */

/* Begin PBXProject section */
		59DD822619BE9D5300BDD0CD /* Project object */ = {
			isa = PBXProject;
			attributes = {
				CLASSPREFIX = JNA;
				LastUpgradeCheck = 0510;
				ORGANIZATIONNAME = CCEW;
				TargetAttributes = {
					59DD825119BE9D5500BDD0CD = {
						TestTargetID = 59DD822D19BE9D5300BDD0CD;
					};
				};
			};
			buildConfigurationList = 59DD822919BE9D5300BDD0CD /* Build configuration list for PBXProject "CH7_Assignment1" */;
			compatibilityVersion = "Xcode 3.2";
			developmentRegion = English;
			hasScannedForEncodings = 0;
			knownRegions = (
				en,
				Base,
			);
			mainGroup = 59DD822519BE9D5300BDD0CD;
			productRefGroup = 59DD822F19BE9D5300BDD0CD /* Products */;
			projectDirPath = "";
			projectRoot = "";
			targets = (
				59DD822D19BE9D5300BDD0CD /* CH7_Assignment1 */,
				59DD825119BE9D5500BDD0CD /* CH7_Assignment1Tests */,
			);
		};
/* End PBXProject section */

/* Begin PBXResourcesBuildPhase section */
		59DD822C19BE9D5300BDD0CD /* Resources */ = {
			isa = PBXResourcesBuildPhase;
			buildActionMask = 2147483647;
			files = (
				59DD824D19BE9D5400BDD0CD /* Images.xcassets in Resources */,
				59DD823C19BE9D5300BDD0CD /* InfoPlist.strings in Resources */,
				59DD828519BECBFA00BDD0CD /* Nice-seafront.jpg in Resources */,
				59DD824519BE9D5400BDD0CD /* Main.storyboard in Resources */,
			);
			runOnlyForDeploymentPostprocessing = 0;
		};
		59DD825019BE9D5500BDD0CD /* Resources */ = {
			isa = PBXResourcesBuildPhase;
			buildActionMask = 2147483647;
			files = (
				59DD825E19BE9D5500BDD0CD /* InfoPlist.strings in Resources */,
			);
			runOnlyForDeploymentPostprocessing = 0;
		};
/* End PBXResourcesBuildPhase section */

/* Begin PBXSourcesBuildPhase section */
		59DD822A19BE9D5300BDD0CD /* Sources */ = {
			isa = PBXSourcesBuildPhase;
			buildActionMask = 2147483647;
			files = (
				59DD827119BE9F7000BDD0CD /* JNAProfileViewController.m in Sources */,
				59DD827A19BEA2FE00BDD0CD /* JNAProfileTableViewCell.m in Sources */,
				59DD827D19BEB45800BDD0CD /* JNABookmark.m in Sources */,
				59DD824219BE9D5400BDD0CD /* JNAAppDelegate.m in Sources */,
				59DD827419BE9FC800BDD0CD /* JNABookmarkViewController.m in Sources */,
				59DD823E19BE9D5300BDD0CD /* main.m in Sources */,
				59DD827719BEA27000BDD0CD /* JNAPerson.m in Sources */,
				59DD826B19BE9DE900BDD0CD /* JNAProfilesTableViewController.m in Sources */,
				59DD826E19BE9E8500BDD0CD /* JNABookmarksTableViewController.m in Sources */,
				59DD828319BEBBBA00BDD0CD /* JNABookmarkTableViewCell.m in Sources */,
			);
			runOnlyForDeploymentPostprocessing = 0;
		};
		59DD824E19BE9D5500BDD0CD /* Sources */ = {
			isa = PBXSourcesBuildPhase;
			buildActionMask = 2147483647;
			files = (
				59DD826019BE9D5500BDD0CD /* CH7_Assignment1Tests.m in Sources */,
			);
			runOnlyForDeploymentPostprocessing = 0;
		};
/* End PBXSourcesBuildPhase section */

/* Begin PBXTargetDependency section */
		59DD825819BE9D5500BDD0CD /* PBXTargetDependency */ = {
			isa = PBXTargetDependency;
			target = 59DD822D19BE9D5300BDD0CD /* CH7_Assignment1 */;
			targetProxy = 59DD825719BE9D5500BDD0CD /* PBXContainerItemProxy */;
		};
/* End PBXTargetDependency section */

/* Begin PBXVariantGroup section */
		59DD823A19BE9D5300BDD0CD /* InfoPlist.strings */ = {
			isa = PBXVariantGroup;
			children = (
				59DD823B19BE9D5300BDD0CD /* en */,
			);
			name = InfoPlist.strings;
			sourceTree = "<group>";
		};
		59DD824319BE9D5400BDD0CD /* Main.storyboard */ = {
			isa = PBXVariantGroup;
			children = (
				59DD824419BE9D5400BDD0CD /* Base */,
			);
			name = Main.storyboard;
			sourceTree = "<group>";
		};
		59DD825C19BE9D5500BDD0CD /* InfoPlist.strings */ = {
			isa = PBXVariantGroup;
			children = (
				59DD825D19BE9D5500BDD0CD /* en */,
			);
			name = InfoPlist.strings;
			sourceTree = "<group>";
		};
/* End PBXVariantGroup section */

/* Begin XCBuildConfiguration section */
		59DD826119BE9D5500BDD0CD /* Debug */ = {
			isa = XCBuildConfiguration;
			buildSettings = {
				ALWAYS_SEARCH_USER_PATHS = NO;
				CLANG_CXX_LANGUAGE_STANDARD = "gnu++0x";
				CLANG_CXX_LIBRARY = "libc++";
				CLANG_ENABLE_MODULES = YES;
				CLANG_ENABLE_OBJC_ARC = YES;
				CLANG_WARN_BOOL_CONVERSION = YES;
				CLANG_WARN_CONSTANT_CONVERSION = YES;
				CLANG_WARN_DIRECT_OBJC_ISA_USAGE = YES_ERROR;
				CLANG_WARN_EMPTY_BODY = YES;
				CLANG_WARN_ENUM_CONVERSION = YES;
				CLANG_WARN_INT_CONVERSION = YES;
				CLANG_WARN_OBJC_ROOT_CLASS = YES_ERROR;
				CLANG_WARN__DUPLICATE_METHOD_MATCH = YES;
				"CODE_SIGN_IDENTITY[sdk=iphoneos*]" = "iPhone Developer";
				COPY_PHASE_STRIP = NO;
				GCC_C_LANGUAGE_STANDARD = gnu99;
				GCC_DYNAMIC_NO_PIC = NO;
				GCC_OPTIMIZATION_LEVEL = 0;
				GCC_PREPROCESSOR_DEFINITIONS = (
					"DEBUG=1",
					"$(inherited)",
				);
				GCC_SYMBOLS_PRIVATE_EXTERN = NO;
				GCC_WARN_64_TO_32_BIT_CONVERSION = YES;
				GCC_WARN_ABOUT_RETURN_TYPE = YES_ERROR;
				GCC_WARN_UNDECLARED_SELECTOR = YES;
				GCC_WARN_UNINITIALIZED_AUTOS = YES_AGGRESSIVE;
				GCC_WARN_UNUSED_FUNCTION = YES;
				GCC_WARN_UNUSED_VARIABLE = YES;
				IPHONEOS_DEPLOYMENT_TARGET = 7.1;
				ONLY_ACTIVE_ARCH = YES;
				SDKROOT = iphoneos;
			};
			name = Debug;
		};
		59DD826219BE9D5500BDD0CD /* Release */ = {
			isa = XCBuildConfiguration;
			buildSettings = {
				ALWAYS_SEARCH_USER_PATHS = NO;
				CLANG_CXX_LANGUAGE_STANDARD = "gnu++0x";
				CLANG_CXX_LIBRARY = "libc++";
				CLANG_ENABLE_MODULES = YES;
				CLANG_ENABLE_OBJC_ARC = YES;
				CLANG_WARN_BOOL_CONVERSION = YES;
				CLANG_WARN_CONSTANT_CONVERSION = YES;
				CLANG_WARN_DIRECT_OBJC_ISA_USAGE = YES_ERROR;
				CLANG_WARN_EMPTY_BODY = YES;
				CLANG_WARN_ENUM_CONVERSION = YES;
				CLANG_WARN_INT_CONVERSION = YES;
				CLANG_WARN_OBJC_ROOT_CLASS = YES_ERROR;
				CLANG_WARN__DUPLICATE_METHOD_MATCH = YES;
				"CODE_SIGN_IDENTITY[sdk=iphoneos*]" = "iPhone Developer";
				COPY_PHASE_STRIP = YES;
				ENABLE_NS_ASSERTIONS = NO;
				GCC_C_LANGUAGE_STANDARD = gnu99;
				GCC_WARN_64_TO_32_BIT_CONVERSION = YES;
				GCC_WARN_ABOUT_RETURN_TYPE = YES_ERROR;
				GCC_WARN_UNDECLARED_SELECTOR = YES;
				GCC_WARN_UNINITIALIZED_AUTOS = YES_AGGRESSIVE;
				GCC_WARN_UNUSED_FUNCTION = YES;
				GCC_WARN_UNUSED_VARIABLE = YES;
				IPHONEOS_DEPLOYMENT_TARGET = 7.1;
				SDKROOT = iphoneos;
				VALIDATE_PRODUCT = YES;
			};
			name = Release;
		};
		59DD826419BE9D5500BDD0CD /* Debug */ = {
			isa = XCBuildConfiguration;
			buildSettings = {
				ASSETCATALOG_COMPILER_APPICON_NAME = AppIcon;
				ASSETCATALOG_COMPILER_LAUNCHIMAGE_NAME = LaunchImage;
				GCC_PRECOMPILE_PREFIX_HEADER = YES;
				GCC_PREFIX_HEADER = "CH7_Assignment1/CH7_Assignment1-Prefix.pch";
				INFOPLIST_FILE = "CH7_Assignment1/CH7_Assignment1-Info.plist";
				PRODUCT_NAME = "$(TARGET_NAME)";
				WRAPPER_EXTENSION = app;
			};
			name = Debug;
		};
		59DD826519BE9D5500BDD0CD /* Release */ = {
			isa = XCBuildConfiguration;
			buildSettings = {
				ASSETCATALOG_COMPILER_APPICON_NAME = AppIcon;
				ASSETCATALOG_COMPILER_LAUNCHIMAGE_NAME = LaunchImage;
				GCC_PRECOMPILE_PREFIX_HEADER = YES;
				GCC_PREFIX_HEADER = "CH7_Assignment1/CH7_Assignment1-Prefix.pch";
				INFOPLIST_FILE = "CH7_Assignment1/CH7_Assignment1-Info.plist";
				PRODUCT_NAME = "$(TARGET_NAME)";
				WRAPPER_EXTENSION = app;
			};
			name = Release;
		};
		59DD826719BE9D5500BDD0CD /* Debug */ = {
			isa = XCBuildConfiguration;
			buildSettings = {
				BUNDLE_LOADER = "$(BUILT_PRODUCTS_DIR)/CH7_Assignment1.app/CH7_Assignment1";
				FRAMEWORK_SEARCH_PATHS = (
					"$(SDKROOT)/Developer/Library/Frameworks",
					"$(inherited)",
					"$(DEVELOPER_FRAMEWORKS_DIR)",
				);
				GCC_PRECOMPILE_PREFIX_HEADER = YES;
				GCC_PREFIX_HEADER = "CH7_Assignment1/CH7_Assignment1-Prefix.pch";
				GCC_PREPROCESSOR_DEFINITIONS = (
					"DEBUG=1",
					"$(inherited)",
				);
				INFOPLIST_FILE = "CH7_Assignment1Tests/CH7_Assignment1Tests-Info.plist";
				PRODUCT_NAME = "$(TARGET_NAME)";
				TEST_HOST = "$(BUNDLE_LOADER)";
				WRAPPER_EXTENSION = xctest;
			};
			name = Debug;
		};
		59DD826819BE9D5500BDD0CD /* Release */ = {
			isa = XCBuildConfiguration;
			buildSettings = {
				BUNDLE_LOADER = "$(BUILT_PRODUCTS_DIR)/CH7_Assignment1.app/CH7_Assignment1";
				FRAMEWORK_SEARCH_PATHS = (
					"$(SDKROOT)/Developer/Library/Frameworks",
					"$(inherited)",
					"$(DEVELOPER_FRAMEWORKS_DIR)",
				);
				GCC_PRECOMPILE_PREFIX_HEADER = YES;
				GCC_PREFIX_HEADER = "CH7_Assignment1/CH7_Assignment1-Prefix.pch";
				INFOPLIST_FILE = "CH7_Assignment1Tests/CH7_Assignment1Tests-Info.plist";
				PRODUCT_NAME = "$(TARGET_NAME)";
				TEST_HOST = "$(BUNDLE_LOADER)";
				WRAPPER_EXTENSION = xctest;
			};
			name = Release;
		};
/* End XCBuildConfiguration section */

/* Begin XCConfigurationList section */
		59DD822919BE9D5300BDD0CD /* Build configuration list for PBXProject "CH7_Assignment1" */ = {
			isa = XCConfigurationList;
			buildConfigurations = (
				59DD826119BE9D5500BDD0CD /* Debug */,
				59DD826219BE9D5500BDD0CD /* Release */,
			);
			defaultConfigurationIsVisible = 0;
			defaultConfigurationName = Release;
		};
		59DD826319BE9D5500BDD0CD /* Build configuration list for PBXNativeTarget "CH7_Assignment1" */ = {
			isa = XCConfigurationList;
			buildConfigurations = (
				59DD826419BE9D5500BDD0CD /* Debug */,
				59DD826519BE9D5500BDD0CD /* Release */,
			);
			defaultConfigurationIsVisible = 0;
			defaultConfigurationName = Release;
		};
		59DD826619BE9D5500BDD0CD /* Build configuration list for PBXNativeTarget "CH7_Assignment1Tests" */ = {
			isa = XCConfigurationList;
			buildConfigurations = (
				59DD826719BE9D5500BDD0CD /* Debug */,
				59DD826819BE9D5500BDD0CD /* Release */,
			);
			defaultConfigurationIsVisible = 0;
			defaultConfigurationName = Release;
		};
/* End XCConfigurationList section */
	};
	rootObject = 59DD822619BE9D5300BDD0CD /* Project object */;
}
