// !$*UTF8*$!
{
	archiveVersion = 1;
	classes = {
	};
	objectVersion = 46;
	objects = {

/* Begin PBXBuildFile section */
		E38977B71B8FD1A20057EEB6 /* main.m in Sources */ = {isa = PBXBuildFile; fileRef = E38977B61B8FD1A20057EEB6 /* main.m */; };
		E38977BA1B8FD1A20057EEB6 /* AppDelegate.m in Sources */ = {isa = PBXBuildFile; fileRef = E38977B91B8FD1A20057EEB6 /* AppDelegate.m */; };
		E38977BD1B8FD1A20057EEB6 /* ViewController.m in Sources */ = {isa = PBXBuildFile; fileRef = E38977BC1B8FD1A20057EEB6 /* ViewController.m */; };
		E38977C01B8FD1A20057EEB6 /* Main.storyboard in Resources */ = {isa = PBXBuildFile; fileRef = E38977BE1B8FD1A20057EEB6 /* Main.storyboard */; };
		E38977C21B8FD1A20057EEB6 /* Images.xcassets in Resources */ = {isa = PBXBuildFile; fileRef = E38977C11B8FD1A20057EEB6 /* Images.xcassets */; };
		E38977C51B8FD1A20057EEB6 /* LaunchScreen.xib in Resources */ = {isa = PBXBuildFile; fileRef = E38977C31B8FD1A20057EEB6 /* LaunchScreen.xib */; };
		E38977D11B8FD1A20057EEB6 /* Assignment_01_03Tests.m in Sources */ = {isa = PBXBuildFile; fileRef = E38977D01B8FD1A20057EEB6 /* Assignment_01_03Tests.m */; };
/* End PBXBuildFile section */

/* Begin PBXContainerItemProxy section */
		E38977CB1B8FD1A20057EEB6 /* PBXContainerItemProxy */ = {
			isa = PBXContainerItemProxy;
			containerPortal = E38977A91B8FD1A20057EEB6 /* Project object */;
			proxyType = 1;
			remoteGlobalIDString = E38977B01B8FD1A20057EEB6;
			remoteInfo = "Assignment-01-03";
		};
/* End PBXContainerItemProxy section */

/* Begin PBXFileReference section */
		E38977B11B8FD1A20057EEB6 /* Assignment-01-03.app */ = {isa = PBXFileReference; explicitFileType = wrapper.application; includeInIndex = 0; path = "Assignment-01-03.app"; sourceTree = BUILT_PRODUCTS_DIR; };
		E38977B51B8FD1A20057EEB6 /* Info.plist */ = {isa = PBXFileReference; lastKnownFileType = text.plist.xml; path = Info.plist; sourceTree = "<group>"; };
		E38977B61B8FD1A20057EEB6 /* main.m */ = {isa = PBXFileReference; lastKnownFileType = sourcecode.c.objc; path = main.m; sourceTree = "<group>"; };
		E38977B81B8FD1A20057EEB6 /* AppDelegate.h */ = {isa = PBXFileReference; lastKnownFileType = sourcecode.c.h; path = AppDelegate.h; sourceTree = "<group>"; };
		E38977B91B8FD1A20057EEB6 /* AppDelegate.m */ = {isa = PBXFileReference; lastKnownFileType = sourcecode.c.objc; path = AppDelegate.m; sourceTree = "<group>"; };
		E38977BB1B8FD1A20057EEB6 /* ViewController.h */ = {isa = PBXFileReference; lastKnownFileType = sourcecode.c.h; path = ViewController.h; sourceTree = "<group>"; };
		E38977BC1B8FD1A20057EEB6 /* ViewController.m */ = {isa = PBXFileReference; lastKnownFileType = sourcecode.c.objc; path = ViewController.m; sourceTree = "<group>"; };
		E38977BF1B8FD1A20057EEB6 /* Base */ = {isa = PBXFileReference; lastKnownFileType = file.storyboard; name = Base; path = Base.lproj/Main.storyboard; sourceTree = "<group>"; };
		E38977C11B8FD1A20057EEB6 /* Images.xcassets */ = {isa = PBXFileReference; lastKnownFileType = folder.assetcatalog; path = Images.xcassets; sourceTree = "<group>"; };
		E38977C41B8FD1A20057EEB6 /* Base */ = {isa = PBXFileReference; lastKnownFileType = file.xib; name = Base; path = Base.lproj/LaunchScreen.xib; sourceTree = "<group>"; };
		E38977CA1B8FD1A20057EEB6 /* Assignment-01-03Tests.xctest */ = {isa = PBXFileReference; explicitFileType = wrapper.cfbundle; includeInIndex = 0; path = "Assignment-01-03Tests.xctest"; sourceTree = BUILT_PRODUCTS_DIR; };
		E38977CF1B8FD1A20057EEB6 /* Info.plist */ = {isa = PBXFileReference; lastKnownFileType = text.plist.xml; path = Info.plist; sourceTree = "<group>"; };
		E38977D01B8FD1A20057EEB6 /* Assignment_01_03Tests.m */ = {isa = PBXFileReference; lastKnownFileType = sourcecode.c.objc; path = Assignment_01_03Tests.m; sourceTree = "<group>"; };
/* End PBXFileReference section */

/* Begin PBXFrameworksBuildPhase section */
		E38977AE1B8FD1A20057EEB6 /* Frameworks */ = {
			isa = PBXFrameworksBuildPhase;
			buildActionMask = 2147483647;
			files = (
			);
			runOnlyForDeploymentPostprocessing = 0;
		};
		E38977C71B8FD1A20057EEB6 /* Frameworks */ = {
			isa = PBXFrameworksBuildPhase;
			buildActionMask = 2147483647;
			files = (
			);
			runOnlyForDeploymentPostprocessing = 0;
		};
/* End PBXFrameworksBuildPhase section */

/* Begin PBXGroup section */
		E38977A81B8FD1A20057EEB6 = {
			isa = PBXGroup;
			children = (
				E38977B31B8FD1A20057EEB6 /* Assignment-01-03 */,
				E38977CD1B8FD1A20057EEB6 /* Assignment-01-03Tests */,
				E38977B21B8FD1A20057EEB6 /* Products */,
			);
			sourceTree = "<group>";
		};
		E38977B21B8FD1A20057EEB6 /* Products */ = {
			isa = PBXGroup;
			children = (
				E38977B11B8FD1A20057EEB6 /* Assignment-01-03.app */,
				E38977CA1B8FD1A20057EEB6 /* Assignment-01-03Tests.xctest */,
			);
			name = Products;
			sourceTree = "<group>";
		};
		E38977B31B8FD1A20057EEB6 /* Assignment-01-03 */ = {
			isa = PBXGroup;
			children = (
				E38977B81B8FD1A20057EEB6 /* AppDelegate.h */,
				E38977B91B8FD1A20057EEB6 /* AppDelegate.m */,
				E38977BB1B8FD1A20057EEB6 /* ViewController.h */,
				E38977BC1B8FD1A20057EEB6 /* ViewController.m */,
				E38977BE1B8FD1A20057EEB6 /* Main.storyboard */,
				E38977C11B8FD1A20057EEB6 /* Images.xcassets */,
				E38977C31B8FD1A20057EEB6 /* LaunchScreen.xib */,
				E38977B41B8FD1A20057EEB6 /* Supporting Files */,
			);
			path = "Assignment-01-03";
			sourceTree = "<group>";
		};
		E38977B41B8FD1A20057EEB6 /* Supporting Files */ = {
			isa = PBXGroup;
			children = (
				E38977B51B8FD1A20057EEB6 /* Info.plist */,
				E38977B61B8FD1A20057EEB6 /* main.m */,
			);
			name = "Supporting Files";
			sourceTree = "<group>";
		};
		E38977CD1B8FD1A20057EEB6 /* Assignment-01-03Tests */ = {
			isa = PBXGroup;
			children = (
				E38977D01B8FD1A20057EEB6 /* Assignment_01_03Tests.m */,
				E38977CE1B8FD1A20057EEB6 /* Supporting Files */,
			);
			path = "Assignment-01-03Tests";
			sourceTree = "<group>";
		};
		E38977CE1B8FD1A20057EEB6 /* Supporting Files */ = {
			isa = PBXGroup;
			children = (
				E38977CF1B8FD1A20057EEB6 /* Info.plist */,
			);
			name = "Supporting Files";
			sourceTree = "<group>";
		};
/* End PBXGroup section */

/* Begin PBXNativeTarget section */
		E38977B01B8FD1A20057EEB6 /* Assignment-01-03 */ = {
			isa = PBXNativeTarget;
			buildConfigurationList = E38977D41B8FD1A20057EEB6 /* Build configuration list for PBXNativeTarget "Assignment-01-03" */;
			buildPhases = (
				E38977AD1B8FD1A20057EEB6 /* Sources */,
				E38977AE1B8FD1A20057EEB6 /* Frameworks */,
				E38977AF1B8FD1A20057EEB6 /* Resources */,
			);
			buildRules = (
			);
			dependencies = (
			);
			name = "Assignment-01-03";
			productName = "Assignment-01-03";
			productReference = E38977B11B8FD1A20057EEB6 /* Assignment-01-03.app */;
			productType = "com.apple.product-type.application";
		};
		E38977C91B8FD1A20057EEB6 /* Assignment-01-03Tests */ = {
			isa = PBXNativeTarget;
			buildConfigurationList = E38977D71B8FD1A20057EEB6 /* Build configuration list for PBXNativeTarget "Assignment-01-03Tests" */;
			buildPhases = (
				E38977C61B8FD1A20057EEB6 /* Sources */,
				E38977C71B8FD1A20057EEB6 /* Frameworks */,
				E38977C81B8FD1A20057EEB6 /* Resources */,
			);
			buildRules = (
			);
			dependencies = (
				E38977CC1B8FD1A20057EEB6 /* PBXTargetDependency */,
			);
			name = "Assignment-01-03Tests";
			productName = "Assignment-01-03Tests";
			productReference = E38977CA1B8FD1A20057EEB6 /* Assignment-01-03Tests.xctest */;
			productType = "com.apple.product-type.bundle.unit-test";
		};
/* End PBXNativeTarget section */

/* Begin PBXProject section */
		E38977A91B8FD1A20057EEB6 /* Project object */ = {
			isa = PBXProject;
			attributes = {
				LastUpgradeCheck = 0640;
				ORGANIZATIONNAME = "Phil Dow";
				TargetAttributes = {
					E38977B01B8FD1A20057EEB6 = {
						CreatedOnToolsVersion = 6.4;
					};
					E38977C91B8FD1A20057EEB6 = {
						CreatedOnToolsVersion = 6.4;
						TestTargetID = E38977B01B8FD1A20057EEB6;
					};
				};
			};
			buildConfigurationList = E38977AC1B8FD1A20057EEB6 /* Build configuration list for PBXProject "Assignment-01-03" */;
			compatibilityVersion = "Xcode 3.2";
			developmentRegion = English;
			hasScannedForEncodings = 0;
			knownRegions = (
				en,
				Base,
			);
			mainGroup = E38977A81B8FD1A20057EEB6;
			productRefGroup = E38977B21B8FD1A20057EEB6 /* Products */;
			projectDirPath = "";
			projectRoot = "";
			targets = (
				E38977B01B8FD1A20057EEB6 /* Assignment-01-03 */,
				E38977C91B8FD1A20057EEB6 /* Assignment-01-03Tests */,
			);
		};
/* End PBXProject section */

/* Begin PBXResourcesBuildPhase section */
		E38977AF1B8FD1A20057EEB6 /* Resources */ = {
			isa = PBXResourcesBuildPhase;
			buildActionMask = 2147483647;
			files = (
				E38977C01B8FD1A20057EEB6 /* Main.storyboard in Resources */,
				E38977C51B8FD1A20057EEB6 /* LaunchScreen.xib in Resources */,
				E38977C21B8FD1A20057EEB6 /* Images.xcassets in Resources */,
			);
			runOnlyForDeploymentPostprocessing = 0;
		};
		E38977C81B8FD1A20057EEB6 /* Resources */ = {
			isa = PBXResourcesBuildPhase;
			buildActionMask = 2147483647;
			files = (
			);
			runOnlyForDeploymentPostprocessing = 0;
		};
/* End PBXResourcesBuildPhase section */

/* Begin PBXSourcesBuildPhase section */
		E38977AD1B8FD1A20057EEB6 /* Sources */ = {
			isa = PBXSourcesBuildPhase;
			buildActionMask = 2147483647;
			files = (
				E38977BD1B8FD1A20057EEB6 /* ViewController.m in Sources */,
				E38977BA1B8FD1A20057EEB6 /* AppDelegate.m in Sources */,
				E38977B71B8FD1A20057EEB6 /* main.m in Sources */,
			);
			runOnlyForDeploymentPostprocessing = 0;
		};
		E38977C61B8FD1A20057EEB6 /* Sources */ = {
			isa = PBXSourcesBuildPhase;
			buildActionMask = 2147483647;
			files = (
				E38977D11B8FD1A20057EEB6 /* Assignment_01_03Tests.m in Sources */,
			);
			runOnlyForDeploymentPostprocessing = 0;
		};
/* End PBXSourcesBuildPhase section */

/* Begin PBXTargetDependency section */
		E38977CC1B8FD1A20057EEB6 /* PBXTargetDependency */ = {
			isa = PBXTargetDependency;
			target = E38977B01B8FD1A20057EEB6 /* Assignment-01-03 */;
			targetProxy = E38977CB1B8FD1A20057EEB6 /* PBXContainerItemProxy */;
		};
/* End PBXTargetDependency section */

/* Begin PBXVariantGroup section */
		E38977BE1B8FD1A20057EEB6 /* Main.storyboard */ = {
			isa = PBXVariantGroup;
			children = (
				E38977BF1B8FD1A20057EEB6 /* Base */,
			);
			name = Main.storyboard;
			sourceTree = "<group>";
		};
		E38977C31B8FD1A20057EEB6 /* LaunchScreen.xib */ = {
			isa = PBXVariantGroup;
			children = (
				E38977C41B8FD1A20057EEB6 /* Base */,
			);
			name = LaunchScreen.xib;
			sourceTree = "<group>";
		};
/* End PBXVariantGroup section */

/* Begin XCBuildConfiguration section */
		E38977D21B8FD1A20057EEB6 /* Debug */ = {
			isa = XCBuildConfiguration;
			buildSettings = {
				ALWAYS_SEARCH_USER_PATHS = NO;
				CLANG_CXX_LANGUAGE_STANDARD = "gnu++0x";
				CLANG_CXX_LIBRARY = "libc++";
				CLANG_ENABLE_MODULES = YES;
				CLANG_ENABLE_OBJC_ARC = YES;
				CLANG_WARN_BOOL_CONVERSION = YES;
				CLANG_WARN_CONSTANT_CONVERSION = YES;
				CLANG_WARN_DIRECT_OBJC_ISA_USAGE = YES_ERROR;
				CLANG_WARN_EMPTY_BODY = YES;
				CLANG_WARN_ENUM_CONVERSION = YES;
				CLANG_WARN_INT_CONVERSION = YES;
				CLANG_WARN_OBJC_ROOT_CLASS = YES_ERROR;
				CLANG_WARN_UNREACHABLE_CODE = YES;
				CLANG_WARN__DUPLICATE_METHOD_MATCH = YES;
				"CODE_SIGN_IDENTITY[sdk=iphoneos*]" = "iPhone Developer";
				COPY_PHASE_STRIP = NO;
				DEBUG_INFORMATION_FORMAT = "dwarf-with-dsym";
				ENABLE_STRICT_OBJC_MSGSEND = YES;
				GCC_C_LANGUAGE_STANDARD = gnu99;
				GCC_DYNAMIC_NO_PIC = NO;
				GCC_NO_COMMON_BLOCKS = YES;
				GCC_OPTIMIZATION_LEVEL = 0;
				GCC_PREPROCESSOR_DEFINITIONS = (
					"DEBUG=1",
					"$(inherited)",
				);
				GCC_SYMBOLS_PRIVATE_EXTERN = NO;
				GCC_WARN_64_TO_32_BIT_CONVERSION = YES;
				GCC_WARN_ABOUT_RETURN_TYPE = YES_ERROR;
				GCC_WARN_UNDECLARED_SELECTOR = YES;
				GCC_WARN_UNINITIALIZED_AUTOS = YES_AGGRESSIVE;
				GCC_WARN_UNUSED_FUNCTION = YES;
				GCC_WARN_UNUSED_VARIABLE = YES;
				IPHONEOS_DEPLOYMENT_TARGET = 8.4;
				MTL_ENABLE_DEBUG_INFO = YES;
				ONLY_ACTIVE_ARCH = YES;
				SDKROOT = iphoneos;
			};
			name = Debug;
		};
		E38977D31B8FD1A20057EEB6 /* Release */ = {
			isa = XCBuildConfiguration;
			buildSettings = {
				ALWAYS_SEARCH_USER_PATHS = NO;
				CLANG_CXX_LANGUAGE_STANDARD = "gnu++0x";
				CLANG_CXX_LIBRARY = "libc++";
				CLANG_ENABLE_MODULES = YES;
				CLANG_ENABLE_OBJC_ARC = YES;
				CLANG_WARN_BOOL_CONVERSION = YES;
				CLANG_WARN_CONSTANT_CONVERSION = YES;
				CLANG_WARN_DIRECT_OBJC_ISA_USAGE = YES_ERROR;
				CLANG_WARN_EMPTY_BODY = YES;
				CLANG_WARN_ENUM_CONVERSION = YES;
				CLANG_WARN_INT_CONVERSION = YES;
				CLANG_WARN_OBJC_ROOT_CLASS = YES_ERROR;
				CLANG_WARN_UNREACHABLE_CODE = YES;
				CLANG_WARN__DUPLICATE_METHOD_MATCH = YES;
				"CODE_SIGN_IDENTITY[sdk=iphoneos*]" = "iPhone Developer";
				COPY_PHASE_STRIP = NO;
				DEBUG_INFORMATION_FORMAT = "dwarf-with-dsym";
				ENABLE_NS_ASSERTIONS = NO;
				ENABLE_STRICT_OBJC_MSGSEND = YES;
				GCC_C_LANGUAGE_STANDARD = gnu99;
				GCC_NO_COMMON_BLOCKS = YES;
				GCC_WARN_64_TO_32_BIT_CONVERSION = YES;
				GCC_WARN_ABOUT_RETURN_TYPE = YES_ERROR;
				GCC_WARN_UNDECLARED_SELECTOR = YES;
				GCC_WARN_UNINITIALIZED_AUTOS = YES_AGGRESSIVE;
				GCC_WARN_UNUSED_FUNCTION = YES;
				GCC_WARN_UNUSED_VARIABLE = YES;
				IPHONEOS_DEPLOYMENT_TARGET = 8.4;
				MTL_ENABLE_DEBUG_INFO = NO;
				SDKROOT = iphoneos;
				VALIDATE_PRODUCT = YES;
			};
			name = Release;
		};
		E38977D51B8FD1A20057EEB6 /* Debug */ = {
			isa = XCBuildConfiguration;
			buildSettings = {
				ASSETCATALOG_COMPILER_APPICON_NAME = AppIcon;
				INFOPLIST_FILE = "Assignment-01-03/Info.plist";
				LD_RUNPATH_SEARCH_PATHS = "$(inherited) @executable_path/Frameworks";
				PRODUCT_NAME = "$(TARGET_NAME)";
			};
			name = Debug;
		};
		E38977D61B8FD1A20057EEB6 /* Release */ = {
			isa = XCBuildConfiguration;
			buildSettings = {
				ASSETCATALOG_COMPILER_APPICON_NAME = AppIcon;
				INFOPLIST_FILE = "Assignment-01-03/Info.plist";
				LD_RUNPATH_SEARCH_PATHS = "$(inherited) @executable_path/Frameworks";
				PRODUCT_NAME = "$(TARGET_NAME)";
			};
			name = Release;
		};
		E38977D81B8FD1A20057EEB6 /* Debug */ = {
			isa = XCBuildConfiguration;
			buildSettings = {
				BUNDLE_LOADER = "$(TEST_HOST)";
				FRAMEWORK_SEARCH_PATHS = (
					"$(SDKROOT)/Developer/Library/Frameworks",
					"$(inherited)",
				);
				GCC_PREPROCESSOR_DEFINITIONS = (
					"DEBUG=1",
					"$(inherited)",
				);
				INFOPLIST_FILE = "Assignment-01-03Tests/Info.plist";
				LD_RUNPATH_SEARCH_PATHS = "$(inherited) @executable_path/Frameworks @loader_path/Frameworks";
				PRODUCT_NAME = "$(TARGET_NAME)";
				TEST_HOST = "$(BUILT_PRODUCTS_DIR)/Assignment-01-03.app/Assignment-01-03";
			};
			name = Debug;
		};
		E38977D91B8FD1A20057EEB6 /* Release */ = {
			isa = XCBuildConfiguration;
			buildSettings = {
				BUNDLE_LOADER = "$(TEST_HOST)";
				FRAMEWORK_SEARCH_PATHS = (
					"$(SDKROOT)/Developer/Library/Frameworks",
					"$(inherited)",
				);
				INFOPLIST_FILE = "Assignment-01-03Tests/Info.plist";
				LD_RUNPATH_SEARCH_PATHS = "$(inherited) @executable_path/Frameworks @loader_path/Frameworks";
				PRODUCT_NAME = "$(TARGET_NAME)";
				TEST_HOST = "$(BUILT_PRODUCTS_DIR)/Assignment-01-03.app/Assignment-01-03";
			};
			name = Release;
		};
/* End XCBuildConfiguration section */

/* Begin XCConfigurationList section */
		E38977AC1B8FD1A20057EEB6 /* Build configuration list for PBXProject "Assignment-01-03" */ = {
			isa = XCConfigurationList;
			buildConfigurations = (
				E38977D21B8FD1A20057EEB6 /* Debug */,
				E38977D31B8FD1A20057EEB6 /* Release */,
			);
			defaultConfigurationIsVisible = 0;
			defaultConfigurationName = Release;
		};
		E38977D41B8FD1A20057EEB6 /* Build configuration list for PBXNativeTarget "Assignment-01-03" */ = {
			isa = XCConfigurationList;
			buildConfigurations = (
				E38977D51B8FD1A20057EEB6 /* Debug */,
				E38977D61B8FD1A20057EEB6 /* Release */,
			);
			defaultConfigurationIsVisible = 0;
		};
		E38977D71B8FD1A20057EEB6 /* Build configuration list for PBXNativeTarget "Assignment-01-03Tests" */ = {
			isa = XCConfigurationList;
			buildConfigurations = (
				E38977D81B8FD1A20057EEB6 /* Debug */,
				E38977D91B8FD1A20057EEB6 /* Release */,
			);
			defaultConfigurationIsVisible = 0;
		};
/* End XCConfigurationList section */
	};
	rootObject = E38977A91B8FD1A20057EEB6 /* Project object */;
}
