// !$*UTF8*$!
{
	archiveVersion = 1;
	classes = {
	};
	objectVersion = 46;
	objects = {

/* Begin PBXBuildFile section */
		59E3FA3919AEC8F600ACC477 /* Foundation.framework in Frameworks */ = {isa = PBXBuildFile; fileRef = 59E3FA3819AEC8F600ACC477 /* Foundation.framework */; };
		59E3FA3B19AEC8F600ACC477 /* CoreGraphics.framework in Frameworks */ = {isa = PBXBuildFile; fileRef = 59E3FA3A19AEC8F600ACC477 /* CoreGraphics.framework */; };
		59E3FA3D19AEC8F600ACC477 /* UIKit.framework in Frameworks */ = {isa = PBXBuildFile; fileRef = 59E3FA3C19AEC8F600ACC477 /* UIKit.framework */; };
		59E3FA4319AEC8F600ACC477 /* InfoPlist.strings in Resources */ = {isa = PBXBuildFile; fileRef = 59E3FA4119AEC8F600ACC477 /* InfoPlist.strings */; };
		59E3FA4519AEC8F600ACC477 /* main.m in Sources */ = {isa = PBXBuildFile; fileRef = 59E3FA4419AEC8F600ACC477 /* main.m */; };
		59E3FA4919AEC8F600ACC477 /* JNAAppDelegate.m in Sources */ = {isa = PBXBuildFile; fileRef = 59E3FA4819AEC8F600ACC477 /* JNAAppDelegate.m */; };
		59E3FA4C19AEC8F600ACC477 /* Main.storyboard in Resources */ = {isa = PBXBuildFile; fileRef = 59E3FA4A19AEC8F600ACC477 /* Main.storyboard */; };
		59E3FA4F19AEC8F600ACC477 /* JNAViewController.m in Sources */ = {isa = PBXBuildFile; fileRef = 59E3FA4E19AEC8F600ACC477 /* JNAViewController.m */; };
		59E3FA5119AEC8F600ACC477 /* Images.xcassets in Resources */ = {isa = PBXBuildFile; fileRef = 59E3FA5019AEC8F600ACC477 /* Images.xcassets */; };
		59E3FA5819AEC8F600ACC477 /* XCTest.framework in Frameworks */ = {isa = PBXBuildFile; fileRef = 59E3FA5719AEC8F600ACC477 /* XCTest.framework */; };
		59E3FA5919AEC8F600ACC477 /* Foundation.framework in Frameworks */ = {isa = PBXBuildFile; fileRef = 59E3FA3819AEC8F600ACC477 /* Foundation.framework */; };
		59E3FA5A19AEC8F600ACC477 /* UIKit.framework in Frameworks */ = {isa = PBXBuildFile; fileRef = 59E3FA3C19AEC8F600ACC477 /* UIKit.framework */; };
		59E3FA6219AEC8F700ACC477 /* InfoPlist.strings in Resources */ = {isa = PBXBuildFile; fileRef = 59E3FA6019AEC8F700ACC477 /* InfoPlist.strings */; };
		59E3FA6419AEC8F700ACC477 /* CH3_Assignment1Tests.m in Sources */ = {isa = PBXBuildFile; fileRef = 59E3FA6319AEC8F700ACC477 /* CH3_Assignment1Tests.m */; };
		59E3FA6F19AECC8200ACC477 /* SBCity.m in Sources */ = {isa = PBXBuildFile; fileRef = 59E3FA6E19AECC8200ACC477 /* SBCity.m */; };
		59E3FA7219AECFCF00ACC477 /* SBUSCity.m in Sources */ = {isa = PBXBuildFile; fileRef = 59E3FA7119AECFCF00ACC477 /* SBUSCity.m */; };
/* End PBXBuildFile section */

/* Begin PBXContainerItemProxy section */
		59E3FA5B19AEC8F600ACC477 /* PBXContainerItemProxy */ = {
			isa = PBXContainerItemProxy;
			containerPortal = 59E3FA2D19AEC8F500ACC477 /* Project object */;
			proxyType = 1;
			remoteGlobalIDString = 59E3FA3419AEC8F600ACC477;
			remoteInfo = CH3_Assignment4;
		};
/* End PBXContainerItemProxy section */

/* Begin PBXFileReference section */
		59E3FA3519AEC8F600ACC477 /* CH3_Assignment1.app */ = {isa = PBXFileReference; explicitFileType = wrapper.application; includeInIndex = 0; path = CH3_Assignment1.app; sourceTree = BUILT_PRODUCTS_DIR; };
		59E3FA3819AEC8F600ACC477 /* Foundation.framework */ = {isa = PBXFileReference; lastKnownFileType = wrapper.framework; name = Foundation.framework; path = System/Library/Frameworks/Foundation.framework; sourceTree = SDKROOT; };
		59E3FA3A19AEC8F600ACC477 /* CoreGraphics.framework */ = {isa = PBXFileReference; lastKnownFileType = wrapper.framework; name = CoreGraphics.framework; path = System/Library/Frameworks/CoreGraphics.framework; sourceTree = SDKROOT; };
		59E3FA3C19AEC8F600ACC477 /* UIKit.framework */ = {isa = PBXFileReference; lastKnownFileType = wrapper.framework; name = UIKit.framework; path = System/Library/Frameworks/UIKit.framework; sourceTree = SDKROOT; };
		59E3FA4019AEC8F600ACC477 /* CH3_Assignment1-Info.plist */ = {isa = PBXFileReference; lastKnownFileType = text.plist.xml; path = "CH3_Assignment1-Info.plist"; sourceTree = "<group>"; };
		59E3FA4219AEC8F600ACC477 /* en */ = {isa = PBXFileReference; lastKnownFileType = text.plist.strings; name = en; path = en.lproj/InfoPlist.strings; sourceTree = "<group>"; };
		59E3FA4419AEC8F600ACC477 /* main.m */ = {isa = PBXFileReference; lastKnownFileType = sourcecode.c.objc; path = main.m; sourceTree = "<group>"; };
		59E3FA4619AEC8F600ACC477 /* CH3_Assignment1-Prefix.pch */ = {isa = PBXFileReference; lastKnownFileType = sourcecode.c.h; path = "CH3_Assignment1-Prefix.pch"; sourceTree = "<group>"; };
		59E3FA4719AEC8F600ACC477 /* JNAAppDelegate.h */ = {isa = PBXFileReference; lastKnownFileType = sourcecode.c.h; path = JNAAppDelegate.h; sourceTree = "<group>"; };
		59E3FA4819AEC8F600ACC477 /* JNAAppDelegate.m */ = {isa = PBXFileReference; lastKnownFileType = sourcecode.c.objc; path = JNAAppDelegate.m; sourceTree = "<group>"; };
		59E3FA4B19AEC8F600ACC477 /* Base */ = {isa = PBXFileReference; lastKnownFileType = file.storyboard; name = Base; path = Base.lproj/Main.storyboard; sourceTree = "<group>"; };
		59E3FA4D19AEC8F600ACC477 /* JNAViewController.h */ = {isa = PBXFileReference; lastKnownFileType = sourcecode.c.h; path = JNAViewController.h; sourceTree = "<group>"; };
		59E3FA4E19AEC8F600ACC477 /* JNAViewController.m */ = {isa = PBXFileReference; lastKnownFileType = sourcecode.c.objc; path = JNAViewController.m; sourceTree = "<group>"; };
		59E3FA5019AEC8F600ACC477 /* Images.xcassets */ = {isa = PBXFileReference; lastKnownFileType = folder.assetcatalog; path = Images.xcassets; sourceTree = "<group>"; };
		59E3FA5619AEC8F600ACC477 /* CH3_Assignment1Tests.xctest */ = {isa = PBXFileReference; explicitFileType = wrapper.cfbundle; includeInIndex = 0; path = CH3_Assignment1Tests.xctest; sourceTree = BUILT_PRODUCTS_DIR; };
		59E3FA5719AEC8F600ACC477 /* XCTest.framework */ = {isa = PBXFileReference; lastKnownFileType = wrapper.framework; name = XCTest.framework; path = Library/Frameworks/XCTest.framework; sourceTree = DEVELOPER_DIR; };
		59E3FA5F19AEC8F700ACC477 /* CH3_Assignment1Tests-Info.plist */ = {isa = PBXFileReference; lastKnownFileType = text.plist.xml; path = "CH3_Assignment1Tests-Info.plist"; sourceTree = "<group>"; };
		59E3FA6119AEC8F700ACC477 /* en */ = {isa = PBXFileReference; lastKnownFileType = text.plist.strings; name = en; path = en.lproj/InfoPlist.strings; sourceTree = "<group>"; };
		59E3FA6319AEC8F700ACC477 /* CH3_Assignment1Tests.m */ = {isa = PBXFileReference; lastKnownFileType = sourcecode.c.objc; path = CH3_Assignment1Tests.m; sourceTree = "<group>"; };
		59E3FA6D19AECC8200ACC477 /* SBCity.h */ = {isa = PBXFileReference; fileEncoding = 4; lastKnownFileType = sourcecode.c.h; path = SBCity.h; sourceTree = "<group>"; };
		59E3FA6E19AECC8200ACC477 /* SBCity.m */ = {isa = PBXFileReference; fileEncoding = 4; lastKnownFileType = sourcecode.c.objc; path = SBCity.m; sourceTree = "<group>"; };
		59E3FA7019AECFCF00ACC477 /* SBUSCity.h */ = {isa = PBXFileReference; fileEncoding = 4; lastKnownFileType = sourcecode.c.h; path = SBUSCity.h; sourceTree = "<group>"; };
		59E3FA7119AECFCF00ACC477 /* SBUSCity.m */ = {isa = PBXFileReference; fileEncoding = 4; lastKnownFileType = sourcecode.c.objc; path = SBUSCity.m; sourceTree = "<group>"; };
/* End PBXFileReference section */

/* Begin PBXFrameworksBuildPhase section */
		59E3FA3219AEC8F600ACC477 /* Frameworks */ = {
			isa = PBXFrameworksBuildPhase;
			buildActionMask = 2147483647;
			files = (
				59E3FA3B19AEC8F600ACC477 /* CoreGraphics.framework in Frameworks */,
				59E3FA3D19AEC8F600ACC477 /* UIKit.framework in Frameworks */,
				59E3FA3919AEC8F600ACC477 /* Foundation.framework in Frameworks */,
			);
			runOnlyForDeploymentPostprocessing = 0;
		};
		59E3FA5319AEC8F600ACC477 /* Frameworks */ = {
			isa = PBXFrameworksBuildPhase;
			buildActionMask = 2147483647;
			files = (
				59E3FA5819AEC8F600ACC477 /* XCTest.framework in Frameworks */,
				59E3FA5A19AEC8F600ACC477 /* UIKit.framework in Frameworks */,
				59E3FA5919AEC8F600ACC477 /* Foundation.framework in Frameworks */,
			);
			runOnlyForDeploymentPostprocessing = 0;
		};
/* End PBXFrameworksBuildPhase section */

/* Begin PBXGroup section */
		59E3FA2C19AEC8F500ACC477 = {
			isa = PBXGroup;
			children = (
				59E3FA3E19AEC8F600ACC477 /* CH3_Assignment1 */,
				59E3FA5D19AEC8F700ACC477 /* CH3_Assignment1Tests */,
				59E3FA3719AEC8F600ACC477 /* Frameworks */,
				59E3FA3619AEC8F600ACC477 /* Products */,
			);
			sourceTree = "<group>";
		};
		59E3FA3619AEC8F600ACC477 /* Products */ = {
			isa = PBXGroup;
			children = (
				59E3FA3519AEC8F600ACC477 /* CH3_Assignment1.app */,
				59E3FA5619AEC8F600ACC477 /* CH3_Assignment1Tests.xctest */,
			);
			name = Products;
			sourceTree = "<group>";
		};
		59E3FA3719AEC8F600ACC477 /* Frameworks */ = {
			isa = PBXGroup;
			children = (
				59E3FA3819AEC8F600ACC477 /* Foundation.framework */,
				59E3FA3A19AEC8F600ACC477 /* CoreGraphics.framework */,
				59E3FA3C19AEC8F600ACC477 /* UIKit.framework */,
				59E3FA5719AEC8F600ACC477 /* XCTest.framework */,
			);
			name = Frameworks;
			sourceTree = "<group>";
		};
		59E3FA3E19AEC8F600ACC477 /* CH3_Assignment1 */ = {
			isa = PBXGroup;
			children = (
				59E3FA4719AEC8F600ACC477 /* JNAAppDelegate.h */,
				59E3FA4819AEC8F600ACC477 /* JNAAppDelegate.m */,
				59E3FA4A19AEC8F600ACC477 /* Main.storyboard */,
				59E3FA4D19AEC8F600ACC477 /* JNAViewController.h */,
				59E3FA4E19AEC8F600ACC477 /* JNAViewController.m */,
				59E3FA5019AEC8F600ACC477 /* Images.xcassets */,
				59E3FA3F19AEC8F600ACC477 /* Supporting Files */,
				59E3FA6D19AECC8200ACC477 /* SBCity.h */,
				59E3FA6E19AECC8200ACC477 /* SBCity.m */,
				59E3FA7019AECFCF00ACC477 /* SBUSCity.h */,
				59E3FA7119AECFCF00ACC477 /* SBUSCity.m */,
			);
			name = CH3_Assignment1;
			path = CH3_Assignment4;
			sourceTree = "<group>";
		};
		59E3FA3F19AEC8F600ACC477 /* Supporting Files */ = {
			isa = PBXGroup;
			children = (
				59E3FA4019AEC8F600ACC477 /* CH3_Assignment1-Info.plist */,
				59E3FA4119AEC8F600ACC477 /* InfoPlist.strings */,
				59E3FA4419AEC8F600ACC477 /* main.m */,
				59E3FA4619AEC8F600ACC477 /* CH3_Assignment1-Prefix.pch */,
			);
			name = "Supporting Files";
			sourceTree = "<group>";
		};
		59E3FA5D19AEC8F700ACC477 /* CH3_Assignment1Tests */ = {
			isa = PBXGroup;
			children = (
				59E3FA6319AEC8F700ACC477 /* CH3_Assignment1Tests.m */,
				59E3FA5E19AEC8F700ACC477 /* Supporting Files */,
			);
			name = CH3_Assignment1Tests;
			path = CH3_Assignment4Tests;
			sourceTree = "<group>";
		};
		59E3FA5E19AEC8F700ACC477 /* Supporting Files */ = {
			isa = PBXGroup;
			children = (
				59E3FA5F19AEC8F700ACC477 /* CH3_Assignment1Tests-Info.plist */,
				59E3FA6019AEC8F700ACC477 /* InfoPlist.strings */,
			);
			name = "Supporting Files";
			sourceTree = "<group>";
		};
/* End PBXGroup section */

/* Begin PBXNativeTarget section */
		59E3FA3419AEC8F600ACC477 /* CH3_Assignment1 */ = {
			isa = PBXNativeTarget;
			buildConfigurationList = 59E3FA6719AEC8F700ACC477 /* Build configuration list for PBXNativeTarget "CH3_Assignment1" */;
			buildPhases = (
				59E3FA3119AEC8F600ACC477 /* Sources */,
				59E3FA3219AEC8F600ACC477 /* Frameworks */,
				59E3FA3319AEC8F600ACC477 /* Resources */,
			);
			buildRules = (
			);
			dependencies = (
			);
			name = CH3_Assignment1;
			productName = CH3_Assignment4;
			productReference = 59E3FA3519AEC8F600ACC477 /* CH3_Assignment1.app */;
			productType = "com.apple.product-type.application";
		};
		59E3FA5519AEC8F600ACC477 /* CH3_Assignment1Tests */ = {
			isa = PBXNativeTarget;
			buildConfigurationList = 59E3FA6A19AEC8F700ACC477 /* Build configuration list for PBXNativeTarget "CH3_Assignment1Tests" */;
			buildPhases = (
				59E3FA5219AEC8F600ACC477 /* Sources */,
				59E3FA5319AEC8F600ACC477 /* Frameworks */,
				59E3FA5419AEC8F600ACC477 /* Resources */,
			);
			buildRules = (
			);
			dependencies = (
				59E3FA5C19AEC8F600ACC477 /* PBXTargetDependency */,
			);
			name = CH3_Assignment1Tests;
			productName = CH3_Assignment4Tests;
			productReference = 59E3FA5619AEC8F600ACC477 /* CH3_Assignment1Tests.xctest */;
			productType = "com.apple.product-type.bundle.unit-test";
		};
/* End PBXNativeTarget section */

/* Begin PBXProject section */
		59E3FA2D19AEC8F500ACC477 /* Project object */ = {
			isa = PBXProject;
			attributes = {
				CLASSPREFIX = JNA;
				LastUpgradeCheck = 0510;
				ORGANIZATIONNAME = CCEW;
				TargetAttributes = {
					59E3FA5519AEC8F600ACC477 = {
						TestTargetID = 59E3FA3419AEC8F600ACC477;
					};
				};
			};
			buildConfigurationList = 59E3FA3019AEC8F500ACC477 /* Build configuration list for PBXProject "CH3_Assignment1" */;
			compatibilityVersion = "Xcode 3.2";
			developmentRegion = English;
			hasScannedForEncodings = 0;
			knownRegions = (
				en,
				Base,
			);
			mainGroup = 59E3FA2C19AEC8F500ACC477;
			productRefGroup = 59E3FA3619AEC8F600ACC477 /* Products */;
			projectDirPath = "";
			projectRoot = "";
			targets = (
				59E3FA3419AEC8F600ACC477 /* CH3_Assignment1 */,
				59E3FA5519AEC8F600ACC477 /* CH3_Assignment1Tests */,
			);
		};
/* End PBXProject section */

/* Begin PBXResourcesBuildPhase section */
		59E3FA3319AEC8F600ACC477 /* Resources */ = {
			isa = PBXResourcesBuildPhase;
			buildActionMask = 2147483647;
			files = (
				59E3FA5119AEC8F600ACC477 /* Images.xcassets in Resources */,
				59E3FA4319AEC8F600ACC477 /* InfoPlist.strings in Resources */,
				59E3FA4C19AEC8F600ACC477 /* Main.storyboard in Resources */,
			);
			runOnlyForDeploymentPostprocessing = 0;
		};
		59E3FA5419AEC8F600ACC477 /* Resources */ = {
			isa = PBXResourcesBuildPhase;
			buildActionMask = 2147483647;
			files = (
				59E3FA6219AEC8F700ACC477 /* InfoPlist.strings in Resources */,
			);
			runOnlyForDeploymentPostprocessing = 0;
		};
/* End PBXResourcesBuildPhase section */

/* Begin PBXSourcesBuildPhase section */
		59E3FA3119AEC8F600ACC477 /* Sources */ = {
			isa = PBXSourcesBuildPhase;
			buildActionMask = 2147483647;
			files = (
				59E3FA4919AEC8F600ACC477 /* JNAAppDelegate.m in Sources */,
				59E3FA6F19AECC8200ACC477 /* SBCity.m in Sources */,
				59E3FA7219AECFCF00ACC477 /* SBUSCity.m in Sources */,
				59E3FA4519AEC8F600ACC477 /* main.m in Sources */,
				59E3FA4F19AEC8F600ACC477 /* JNAViewController.m in Sources */,
			);
			runOnlyForDeploymentPostprocessing = 0;
		};
		59E3FA5219AEC8F600ACC477 /* Sources */ = {
			isa = PBXSourcesBuildPhase;
			buildActionMask = 2147483647;
			files = (
				59E3FA6419AEC8F700ACC477 /* CH3_Assignment1Tests.m in Sources */,
			);
			runOnlyForDeploymentPostprocessing = 0;
		};
/* End PBXSourcesBuildPhase section */

/* Begin PBXTargetDependency section */
		59E3FA5C19AEC8F600ACC477 /* PBXTargetDependency */ = {
			isa = PBXTargetDependency;
			target = 59E3FA3419AEC8F600ACC477 /* CH3_Assignment1 */;
			targetProxy = 59E3FA5B19AEC8F600ACC477 /* PBXContainerItemProxy */;
		};
/* End PBXTargetDependency section */

/* Begin PBXVariantGroup section */
		59E3FA4119AEC8F600ACC477 /* InfoPlist.strings */ = {
			isa = PBXVariantGroup;
			children = (
				59E3FA4219AEC8F600ACC477 /* en */,
			);
			name = InfoPlist.strings;
			sourceTree = "<group>";
		};
		59E3FA4A19AEC8F600ACC477 /* Main.storyboard */ = {
			isa = PBXVariantGroup;
			children = (
				59E3FA4B19AEC8F600ACC477 /* Base */,
			);
			name = Main.storyboard;
			sourceTree = "<group>";
		};
		59E3FA6019AEC8F700ACC477 /* InfoPlist.strings */ = {
			isa = PBXVariantGroup;
			children = (
				59E3FA6119AEC8F700ACC477 /* en */,
			);
			name = InfoPlist.strings;
			sourceTree = "<group>";
		};
/* End PBXVariantGroup section */

/* Begin XCBuildConfiguration section */
		59E3FA6519AEC8F700ACC477 /* Debug */ = {
			isa = XCBuildConfiguration;
			buildSettings = {
				ALWAYS_SEARCH_USER_PATHS = NO;
				CLANG_CXX_LANGUAGE_STANDARD = "gnu++0x";
				CLANG_CXX_LIBRARY = "libc++";
				CLANG_ENABLE_MODULES = YES;
				CLANG_ENABLE_OBJC_ARC = YES;
				CLANG_WARN_BOOL_CONVERSION = YES;
				CLANG_WARN_CONSTANT_CONVERSION = YES;
				CLANG_WARN_DIRECT_OBJC_ISA_USAGE = YES_ERROR;
				CLANG_WARN_EMPTY_BODY = YES;
				CLANG_WARN_ENUM_CONVERSION = YES;
				CLANG_WARN_INT_CONVERSION = YES;
				CLANG_WARN_OBJC_ROOT_CLASS = YES_ERROR;
				CLANG_WARN__DUPLICATE_METHOD_MATCH = YES;
				"CODE_SIGN_IDENTITY[sdk=iphoneos*]" = "iPhone Developer";
				COPY_PHASE_STRIP = NO;
				GCC_C_LANGUAGE_STANDARD = gnu99;
				GCC_DYNAMIC_NO_PIC = NO;
				GCC_OPTIMIZATION_LEVEL = 0;
				GCC_PREPROCESSOR_DEFINITIONS = (
					"DEBUG=1",
					"$(inherited)",
				);
				GCC_SYMBOLS_PRIVATE_EXTERN = NO;
				GCC_WARN_64_TO_32_BIT_CONVERSION = YES;
				GCC_WARN_ABOUT_RETURN_TYPE = YES_ERROR;
				GCC_WARN_UNDECLARED_SELECTOR = YES;
				GCC_WARN_UNINITIALIZED_AUTOS = YES_AGGRESSIVE;
				GCC_WARN_UNUSED_FUNCTION = YES;
				GCC_WARN_UNUSED_VARIABLE = YES;
				IPHONEOS_DEPLOYMENT_TARGET = 7.1;
				ONLY_ACTIVE_ARCH = YES;
				SDKROOT = iphoneos;
			};
			name = Debug;
		};
		59E3FA6619AEC8F700ACC477 /* Release */ = {
			isa = XCBuildConfiguration;
			buildSettings = {
				ALWAYS_SEARCH_USER_PATHS = NO;
				CLANG_CXX_LANGUAGE_STANDARD = "gnu++0x";
				CLANG_CXX_LIBRARY = "libc++";
				CLANG_ENABLE_MODULES = YES;
				CLANG_ENABLE_OBJC_ARC = YES;
				CLANG_WARN_BOOL_CONVERSION = YES;
				CLANG_WARN_CONSTANT_CONVERSION = YES;
				CLANG_WARN_DIRECT_OBJC_ISA_USAGE = YES_ERROR;
				CLANG_WARN_EMPTY_BODY = YES;
				CLANG_WARN_ENUM_CONVERSION = YES;
				CLANG_WARN_INT_CONVERSION = YES;
				CLANG_WARN_OBJC_ROOT_CLASS = YES_ERROR;
				CLANG_WARN__DUPLICATE_METHOD_MATCH = YES;
				"CODE_SIGN_IDENTITY[sdk=iphoneos*]" = "iPhone Developer";
				COPY_PHASE_STRIP = YES;
				ENABLE_NS_ASSERTIONS = NO;
				GCC_C_LANGUAGE_STANDARD = gnu99;
				GCC_WARN_64_TO_32_BIT_CONVERSION = YES;
				GCC_WARN_ABOUT_RETURN_TYPE = YES_ERROR;
				GCC_WARN_UNDECLARED_SELECTOR = YES;
				GCC_WARN_UNINITIALIZED_AUTOS = YES_AGGRESSIVE;
				GCC_WARN_UNUSED_FUNCTION = YES;
				GCC_WARN_UNUSED_VARIABLE = YES;
				IPHONEOS_DEPLOYMENT_TARGET = 7.1;
				SDKROOT = iphoneos;
				VALIDATE_PRODUCT = YES;
			};
			name = Release;
		};
		59E3FA6819AEC8F700ACC477 /* Debug */ = {
			isa = XCBuildConfiguration;
			buildSettings = {
				ASSETCATALOG_COMPILER_APPICON_NAME = AppIcon;
				ASSETCATALOG_COMPILER_LAUNCHIMAGE_NAME = LaunchImage;
				GCC_PRECOMPILE_PREFIX_HEADER = YES;
				GCC_PREFIX_HEADER = "CH3_Assignment4/CH3_Assignment1-Prefix.pch";
				INFOPLIST_FILE = "CH3_Assignment4/CH3_Assignment1-Info.plist";
				PRODUCT_NAME = CH3_Assignment1;
				WRAPPER_EXTENSION = app;
			};
			name = Debug;
		};
		59E3FA6919AEC8F700ACC477 /* Release */ = {
			isa = XCBuildConfiguration;
			buildSettings = {
				ASSETCATALOG_COMPILER_APPICON_NAME = AppIcon;
				ASSETCATALOG_COMPILER_LAUNCHIMAGE_NAME = LaunchImage;
				GCC_PRECOMPILE_PREFIX_HEADER = YES;
				GCC_PREFIX_HEADER = "CH3_Assignment4/CH3_Assignment1-Prefix.pch";
				INFOPLIST_FILE = "CH3_Assignment4/CH3_Assignment1-Info.plist";
				PRODUCT_NAME = CH3_Assignment1;
				WRAPPER_EXTENSION = app;
			};
			name = Release;
		};
		59E3FA6B19AEC8F700ACC477 /* Debug */ = {
			isa = XCBuildConfiguration;
			buildSettings = {
				BUNDLE_LOADER = "$(BUILT_PRODUCTS_DIR)/CH3_Assignment4.app/CH3_Assignment4";
				FRAMEWORK_SEARCH_PATHS = (
					"$(SDKROOT)/Developer/Library/Frameworks",
					"$(inherited)",
					"$(DEVELOPER_FRAMEWORKS_DIR)",
				);
				GCC_PRECOMPILE_PREFIX_HEADER = YES;
				GCC_PREFIX_HEADER = "CH3_Assignment4/CH3_Assignment4-Prefix.pch";
				GCC_PREPROCESSOR_DEFINITIONS = (
					"DEBUG=1",
					"$(inherited)",
				);
				INFOPLIST_FILE = "CH3_Assignment4Tests/CH3_Assignment1Tests-Info.plist";
				PRODUCT_NAME = CH3_Assignment1Tests;
				TEST_HOST = "$(BUNDLE_LOADER)";
				WRAPPER_EXTENSION = xctest;
			};
			name = Debug;
		};
		59E3FA6C19AEC8F700ACC477 /* Release */ = {
			isa = XCBuildConfiguration;
			buildSettings = {
				BUNDLE_LOADER = "$(BUILT_PRODUCTS_DIR)/CH3_Assignment4.app/CH3_Assignment4";
				FRAMEWORK_SEARCH_PATHS = (
					"$(SDKROOT)/Developer/Library/Frameworks",
					"$(inherited)",
					"$(DEVELOPER_FRAMEWORKS_DIR)",
				);
				GCC_PRECOMPILE_PREFIX_HEADER = YES;
				GCC_PREFIX_HEADER = "CH3_Assignment4/CH3_Assignment4-Prefix.pch";
				INFOPLIST_FILE = "CH3_Assignment4Tests/CH3_Assignment1Tests-Info.plist";
				PRODUCT_NAME = CH3_Assignment1Tests;
				TEST_HOST = "$(BUNDLE_LOADER)";
				WRAPPER_EXTENSION = xctest;
			};
			name = Release;
		};
/* End XCBuildConfiguration section */

/* Begin XCConfigurationList section */
		59E3FA3019AEC8F500ACC477 /* Build configuration list for PBXProject "CH3_Assignment1" */ = {
			isa = XCConfigurationList;
			buildConfigurations = (
				59E3FA6519AEC8F700ACC477 /* Debug */,
				59E3FA6619AEC8F700ACC477 /* Release */,
			);
			defaultConfigurationIsVisible = 0;
			defaultConfigurationName = Release;
		};
		59E3FA6719AEC8F700ACC477 /* Build configuration list for PBXNativeTarget "CH3_Assignment1" */ = {
			isa = XCConfigurationList;
			buildConfigurations = (
				59E3FA6819AEC8F700ACC477 /* Debug */,
				59E3FA6919AEC8F700ACC477 /* Release */,
			);
			defaultConfigurationIsVisible = 0;
		};
		59E3FA6A19AEC8F700ACC477 /* Build configuration list for PBXNativeTarget "CH3_Assignment1Tests" */ = {
			isa = XCConfigurationList;
			buildConfigurations = (
				59E3FA6B19AEC8F700ACC477 /* Debug */,
				59E3FA6C19AEC8F700ACC477 /* Release */,
			);
			defaultConfigurationIsVisible = 0;
		};
/* End XCConfigurationList section */
	};
	rootObject = 59E3FA2D19AEC8F500ACC477 /* Project object */;
}
